
Microsoft Visual Studio Solution File, Format Version 12.00
# Visual Studio Version 17
VisualStudioVersion = 17.11.35222.181
MinimumVisualStudioVersion = 10.0.40219.1
Project("{FAE04EC0-301F-11D3-BF4B-00C04F79EFBC}") = "Приклад1", "Приклад1\Приклад1.csproj", "{52C81C3F-D5EA-419D-8A78-2BF1D8964E98}"
EndProject
Global
	GlobalSection(SolutionConfigurationPlatforms) = preSolution
		Debug|Any CPU = Debug|Any CPU
		Release|Any CPU = Release|Any CPU
	EndGlobalSection
	GlobalSection(ProjectConfigurationPlatforms) = postSolution
		{52C81C3F-D5EA-419D-8A78-2BF1D8964E98}.Debug|Any CPU.ActiveCfg = Debug|Any CPU
		{52C81C3F-D5EA-419D-8A78-2BF1D8964E98}.Debug|Any CPU.Build.0 = Debug|Any CPU
		{52C81C3F-D5EA-419D-8A78-2BF1D8964E98}.Release|Any CPU.ActiveCfg = Release|Any CPU
		{52C81C3F-D5EA-419D-8A78-2BF1D8964E98}.Release|Any CPU.Build.0 = Release|Any CPU
	EndGlobalSection
	GlobalSection(SolutionProperties) = preSolution
		HideSolutionNode = FALSE
	EndGlobalSection
	GlobalSection(ExtensibilityGlobals) = postSolution
		SolutionGuid = {EB52AE38-6038-437C-A317-DF5D46FFC2F8}
	EndGlobalSection
EndGlobal
